
Microsoft Visual Studio Solution File, Format Version 12.00
# Visual Studio Version 16
VisualStudioVersion = 16.0.29519.87
MinimumVisualStudioVersion = 10.0.40219.1
Project("{FAE04EC0-301F-11D3-BF4B-00C04F79EFBC}") = "Routine.Api", "Routine.Api\Routine.Api.csproj", "{9A0EF409-3537-47DC-9FF2-7675C2BA9997}"
EndProject
Global
	GlobalSection(SolutionConfigurationPlatforms) = preSolution
		Debug|Any CPU = Debug|Any CPU
		Release|Any CPU = Release|Any CPU
	EndGlobalSection
	GlobalSection(ProjectConfigurationPlatforms) = postSolution
		{9A0EF409-3537-47DC-9FF2-7675C2BA9997}.Debug|Any CPU.ActiveCfg = Debug|Any CPU
		{9A0EF409-3537-47DC-9FF2-7675C2BA9997}.Debug|Any CPU.Build.0 = Debug|Any CPU
		{9A0EF409-3537-47DC-9FF2-7675C2BA9997}.Release|Any CPU.ActiveCfg = Release|Any CPU
		{9A0EF409-3537-47DC-9FF2-7675C2BA9997}.Release|Any CPU.Build.0 = Release|Any CPU
	EndGlobalSection
	GlobalSection(SolutionProperties) = preSolution
		HideSolutionNode = FALSE
	EndGlobalSection
	GlobalSection(ExtensibilityGlobals) = postSolution
		SolutionGuid = {046B7E2F-8B1F-43CE-AF15-07296F495441}
	EndGlobalSection
EndGlobal
